// !$*UTF8*$!
{
	archiveVersion = 1;
	classes = {
	};
	objectVersion = 46;
	objects = {

/* Begin PBXBuildFile section */
		4EF3063A1EE7B188004DE9F3 /* AppDelegate.swift in Sources */ = {isa = PBXBuildFile; fileRef = 4EF306391EE7B188004DE9F3 /* AppDelegate.swift */; };
		4EF3063C1EE7B188004DE9F3 /* ViewController.swift in Sources */ = {isa = PBXBuildFile; fileRef = 4EF3063B1EE7B188004DE9F3 /* ViewController.swift */; };
		4EF3063F1EE7B188004DE9F3 /* Main.storyboard in Resources */ = {isa = PBXBuildFile; fileRef = 4EF3063D1EE7B188004DE9F3 /* Main.storyboard */; };
		4EF306421EE7B188004DE9F3 /* testeCoreData.xcdatamodeld in Sources */ = {isa = PBXBuildFile; fileRef = 4EF306401EE7B188004DE9F3 /* testeCoreData.xcdatamodeld */; };
		4EF306441EE7B188004DE9F3 /* Assets.xcassets in Resources */ = {isa = PBXBuildFile; fileRef = 4EF306431EE7B188004DE9F3 /* Assets.xcassets */; };
		4EF306471EE7B188004DE9F3 /* LaunchScreen.storyboard in Resources */ = {isa = PBXBuildFile; fileRef = 4EF306451EE7B188004DE9F3 /* LaunchScreen.storyboard */; };
/* End PBXBuildFile section */

/* Begin PBXFileReference section */
		4EF306361EE7B188004DE9F3 /* testeCoreData.app */ = {isa = PBXFileReference; explicitFileType = wrapper.application; includeInIndex = 0; path = testeCoreData.app; sourceTree = BUILT_PRODUCTS_DIR; };
		4EF306391EE7B188004DE9F3 /* AppDelegate.swift */ = {isa = PBXFileReference; lastKnownFileType = sourcecode.swift; path = AppDelegate.swift; sourceTree = "<group>"; };
		4EF3063B1EE7B188004DE9F3 /* ViewController.swift */ = {isa = PBXFileReference; lastKnownFileType = sourcecode.swift; path = ViewController.swift; sourceTree = "<group>"; };
		4EF3063E1EE7B188004DE9F3 /* Base */ = {isa = PBXFileReference; lastKnownFileType = file.storyboard; name = Base; path = Base.lproj/Main.storyboard; sourceTree = "<group>"; };
		4EF306411EE7B188004DE9F3 /* testeCoreData.xcdatamodel */ = {isa = PBXFileReference; lastKnownFileType = wrapper.xcdatamodel; path = testeCoreData.xcdatamodel; sourceTree = "<group>"; };
		4EF306431EE7B188004DE9F3 /* Assets.xcassets */ = {isa = PBXFileReference; lastKnownFileType = folder.assetcatalog; path = Assets.xcassets; sourceTree = "<group>"; };
		4EF306461EE7B188004DE9F3 /* Base */ = {isa = PBXFileReference; lastKnownFileType = file.storyboard; name = Base; path = Base.lproj/LaunchScreen.storyboard; sourceTree = "<group>"; };
		4EF306481EE7B188004DE9F3 /* Info.plist */ = {isa = PBXFileReference; lastKnownFileType = text.plist.xml; path = Info.plist; sourceTree = "<group>"; };
/* End PBXFileReference section */

/* Begin PBXFrameworksBuildPhase section */
		4EF306331EE7B188004DE9F3 /* Frameworks */ = {
			isa = PBXFrameworksBuildPhase;
			buildActionMask = 2147483647;
			files = (
			);
			runOnlyForDeploymentPostprocessing = 0;
		};
/* End PBXFrameworksBuildPhase section */

/* Begin PBXGroup section */
		4EF3062D1EE7B188004DE9F3 = {
			isa = PBXGroup;
			children = (
				4EF306381EE7B188004DE9F3 /* testeCoreData */,
				4EF306371EE7B188004DE9F3 /* Products */,
			);
			sourceTree = "<group>";
		};
		4EF306371EE7B188004DE9F3 /* Products */ = {
			isa = PBXGroup;
			children = (
				4EF306361EE7B188004DE9F3 /* testeCoreData.app */,
			);
			name = Products;
			sourceTree = "<group>";
		};
		4EF306381EE7B188004DE9F3 /* testeCoreData */ = {
			isa = PBXGroup;
			children = (
				4EF306391EE7B188004DE9F3 /* AppDelegate.swift */,
				4EF3063B1EE7B188004DE9F3 /* ViewController.swift */,
				4EF3063D1EE7B188004DE9F3 /* Main.storyboard */,
				4EF306431EE7B188004DE9F3 /* Assets.xcassets */,
				4EF306451EE7B188004DE9F3 /* LaunchScreen.storyboard */,
				4EF306481EE7B188004DE9F3 /* Info.plist */,
				4EF306401EE7B188004DE9F3 /* testeCoreData.xcdatamodeld */,
			);
			path = testeCoreData;
			sourceTree = "<group>";
		};
/* End PBXGroup section */

/* Begin PBXNativeTarget section */
		4EF306351EE7B188004DE9F3 /* testeCoreData */ = {
			isa = PBXNativeTarget;
			buildConfigurationList = 4EF3064B1EE7B188004DE9F3 /* Build configuration list for PBXNativeTarget "testeCoreData" */;
			buildPhases = (
				4EF306321EE7B188004DE9F3 /* Sources */,
				4EF306331EE7B188004DE9F3 /* Frameworks */,
				4EF306341EE7B188004DE9F3 /* Resources */,
			);
			buildRules = (
			);
			dependencies = (
			);
			name = testeCoreData;
			productName = testeCoreData;
			productReference = 4EF306361EE7B188004DE9F3 /* testeCoreData.app */;
			productType = "com.apple.product-type.application";
		};
/* End PBXNativeTarget section */

/* Begin PBXProject section */
		4EF3062E1EE7B188004DE9F3 /* Project object */ = {
			isa = PBXProject;
			attributes = {
				LastSwiftUpdateCheck = 0830;
				LastUpgradeCheck = 0830;
				ORGANIZATIONNAME = "Cristiano Diniz Pinto";
				TargetAttributes = {
					4EF306351EE7B188004DE9F3 = {
						CreatedOnToolsVersion = 8.3.2;
						DevelopmentTeam = JWDFV35R69;
						ProvisioningStyle = Automatic;
					};
				};
			};
			buildConfigurationList = 4EF306311EE7B188004DE9F3 /* Build configuration list for PBXProject "testeCoreData" */;
			compatibilityVersion = "Xcode 3.2";
			developmentRegion = English;
			hasScannedForEncodings = 0;
			knownRegions = (
				en,
				Base,
			);
			mainGroup = 4EF3062D1EE7B188004DE9F3;
			productRefGroup = 4EF306371EE7B188004DE9F3 /* Products */;
			projectDirPath = "";
			projectRoot = "";
			targets = (
				4EF306351EE7B188004DE9F3 /* testeCoreData */,
			);
		};
/* End PBXProject section */

/* Begin PBXResourcesBuildPhase section */
		4EF306341EE7B188004DE9F3 /* Resources */ = {
			isa = PBXResourcesBuildPhase;
			buildActionMask = 2147483647;
			files = (
				4EF306471EE7B188004DE9F3 /* LaunchScreen.storyboard in Resources */,
				4EF306441EE7B188004DE9F3 /* Assets.xcassets in Resources */,
				4EF3063F1EE7B188004DE9F3 /* Main.storyboard in Resources */,
			);
			runOnlyForDeploymentPostprocessing = 0;
		};
/* End PBXResourcesBuildPhase section */

/* Begin PBXSourcesBuildPhase section */
		4EF306321EE7B188004DE9F3 /* Sources */ = {
			isa = PBXSourcesBuildPhase;
			buildActionMask = 2147483647;
			files = (
				4EF306421EE7B188004DE9F3 /* testeCoreData.xcdatamodeld in Sources */,
				4EF3063C1EE7B188004DE9F3 /* ViewController.swift in Sources */,
				4EF3063A1EE7B188004DE9F3 /* AppDelegate.swift in Sources */,
			);
			runOnlyForDeploymentPostprocessing = 0;
		};
/* End PBXSourcesBuildPhase section */

/* Begin PBXVariantGroup section */
		4EF3063D1EE7B188004DE9F3 /* Main.storyboard */ = {
			isa = PBXVariantGroup;
			children = (
				4EF3063E1EE7B188004DE9F3 /* Base */,
			);
			name = Main.storyboard;
			sourceTree = "<group>";
		};
		4EF306451EE7B188004DE9F3 /* LaunchScreen.storyboard */ = {
			isa = PBXVariantGroup;
			children = (
				4EF306461EE7B188004DE9F3 /* Base */,
			);
			name = LaunchScreen.storyboard;
			sourceTree = "<group>";
		};
/* End PBXVariantGroup section */

/* Begin XCBuildConfiguration section */
		4EF306491EE7B188004DE9F3 /* Debug */ = {
			isa = XCBuildConfiguration;
			buildSettings = {
				ALWAYS_SEARCH_USER_PATHS = NO;
				CLANG_ANALYZER_NONNULL = YES;
				CLANG_ANALYZER_NUMBER_OBJECT_CONVERSION = YES_AGGRESSIVE;
				CLANG_CXX_LANGUAGE_STANDARD = "gnu++0x";
				CLANG_CXX_LIBRARY = "libc++";
				CLANG_ENABLE_MODULES = YES;
				CLANG_ENABLE_OBJC_ARC = YES;
				CLANG_WARN_BOOL_CONVERSION = YES;
				CLANG_WARN_CONSTANT_CONVERSION = YES;
				CLANG_WARN_DIRECT_OBJC_ISA_USAGE = YES_ERROR;
				CLANG_WARN_DOCUMENTATION_COMMENTS = YES;
				CLANG_WARN_EMPTY_BODY = YES;
				CLANG_WARN_ENUM_CONVERSION = YES;
				CLANG_WARN_INFINITE_RECURSION = YES;
				CLANG_WARN_INT_CONVERSION = YES;
				CLANG_WARN_OBJC_ROOT_CLASS = YES_ERROR;
				CLANG_WARN_SUSPICIOUS_MOVE = YES;
				CLANG_WARN_UNREACHABLE_CODE = YES;
				CLANG_WARN__DUPLICATE_METHOD_MATCH = YES;
				"CODE_SIGN_IDENTITY[sdk=iphoneos*]" = "iPhone Developer";
				COPY_PHASE_STRIP = NO;
				DEBUG_INFORMATION_FORMAT = dwarf;
				ENABLE_STRICT_OBJC_MSGSEND = YES;
				ENABLE_TESTABILITY = YES;
				GCC_C_LANGUAGE_STANDARD = gnu99;
				GCC_DYNAMIC_NO_PIC = NO;
				GCC_NO_COMMON_BLOCKS = YES;
				GCC_OPTIMIZATION_LEVEL = 0;
				GCC_PREPROCESSOR_DEFINITIONS = (
					"DEBUG=1",
					"$(inherited)",
				);
				GCC_WARN_64_TO_32_BIT_CONVERSION = YES;
				GCC_WARN_ABOUT_RETURN_TYPE = YES_ERROR;
				GCC_WARN_UNDECLARED_SELECTOR = YES;
				GCC_WARN_UNINITIALIZED_AUTOS = YES_AGGRESSIVE;
				GCC_WARN_UNUSED_FUNCTION = YES;
				GCC_WARN_UNUSED_VARIABLE = YES;
				IPHONEOS_DEPLOYMENT_TARGET = 10.3;
				MTL_ENABLE_DEBUG_INFO = YES;
				ONLY_ACTIVE_ARCH = YES;
				SDKROOT = iphoneos;
				SWIFT_ACTIVE_COMPILATION_CONDITIONS = DEBUG;
				SWIFT_OPTIMIZATION_LEVEL = "-Onone";
				TARGETED_DEVICE_FAMILY = "1,2";
			};
			name = Debug;
		};
		4EF3064A1EE7B188004DE9F3 /* Release */ = {
			isa = XCBuildConfiguration;
			buildSettings = {
				ALWAYS_SEARCH_USER_PATHS = NO;
				CLANG_ANALYZER_NONNULL = YES;
				CLANG_ANALYZER_NUMBER_OBJECT_CONVERSION = YES_AGGRESSIVE;
				CLANG_CXX_LANGUAGE_STANDARD = "gnu++0x";
				CLANG_CXX_LIBRARY = "libc++";
				CLANG_ENABLE_MODULES = YES;
				CLANG_ENABLE_OBJC_ARC = YES;
				CLANG_WARN_BOOL_CONVERSION = YES;
				CLANG_WARN_CONSTANT_CONVERSION = YES;
				CLANG_WARN_DIRECT_OBJC_ISA_USAGE = YES_ERROR;
				CLANG_WARN_DOCUMENTATION_COMMENTS = YES;
				CLANG_WARN_EMPTY_BODY = YES;
				CLANG_WARN_ENUM_CONVERSION = YES;
				CLANG_WARN_INFINITE_RECURSION = YES;
				CLANG_WARN_INT_CONVERSION = YES;
				CLANG_WARN_OBJC_ROOT_CLASS = YES_ERROR;
				CLANG_WARN_SUSPICIOUS_MOVE = YES;
				CLANG_WARN_UNREACHABLE_CODE = YES;
				CLANG_WARN__DUPLICATE_METHOD_MATCH = YES;
				"CODE_SIGN_IDENTITY[sdk=iphoneos*]" = "iPhone Developer";
				COPY_PHASE_STRIP = NO;
				DEBUG_INFORMATION_FORMAT = "dwarf-with-dsym";
				ENABLE_NS_ASSERTIONS = NO;
				ENABLE_STRICT_OBJC_MSGSEND = YES;
				GCC_C_LANGUAGE_STANDARD = gnu99;
				GCC_NO_COMMON_BLOCKS = YES;
				GCC_WARN_64_TO_32_BIT_CONVERSION = YES;
				GCC_WARN_ABOUT_RETURN_TYPE = YES_ERROR;
				GCC_WARN_UNDECLARED_SELECTOR = YES;
				GCC_WARN_UNINITIALIZED_AUTOS = YES_AGGRESSIVE;
				GCC_WARN_UNUSED_FUNCTION = YES;
				GCC_WARN_UNUSED_VARIABLE = YES;
				IPHONEOS_DEPLOYMENT_TARGET = 10.3;
				MTL_ENABLE_DEBUG_INFO = NO;
				SDKROOT = iphoneos;
				SWIFT_OPTIMIZATION_LEVEL = "-Owholemodule";
				TARGETED_DEVICE_FAMILY = "1,2";
				VALIDATE_PRODUCT = YES;
			};
			name = Release;
		};
		4EF3064C1EE7B188004DE9F3 /* Debug */ = {
			isa = XCBuildConfiguration;
			buildSettings = {
				ASSETCATALOG_COMPILER_APPICON_NAME = AppIcon;
				DEVELOPMENT_TEAM = JWDFV35R69;
				INFOPLIST_FILE = testeCoreData/Info.plist;
				LD_RUNPATH_SEARCH_PATHS = "$(inherited) @executable_path/Frameworks";
				PRODUCT_BUNDLE_IDENTIFIER = com.dinizdev.testeCoreData;
				PRODUCT_NAME = "$(TARGET_NAME)";
				SWIFT_VERSION = 3.0;
			};
			name = Debug;
		};
		4EF3064D1EE7B188004DE9F3 /* Release */ = {
			isa = XCBuildConfiguration;
			buildSettings = {
				ASSETCATALOG_COMPILER_APPICON_NAME = AppIcon;
				DEVELOPMENT_TEAM = JWDFV35R69;
				INFOPLIST_FILE = testeCoreData/Info.plist;
				LD_RUNPATH_SEARCH_PATHS = "$(inherited) @executable_path/Frameworks";
				PRODUCT_BUNDLE_IDENTIFIER = com.dinizdev.testeCoreData;
				PRODUCT_NAME = "$(TARGET_NAME)";
				SWIFT_VERSION = 3.0;
			};
			name = Release;
		};
/* End XCBuildConfiguration section */

/* Begin XCConfigurationList section */
		4EF306311EE7B188004DE9F3 /* Build configuration list for PBXProject "testeCoreData" */ = {
			isa = XCConfigurationList;
			buildConfigurations = (
				4EF306491EE7B188004DE9F3 /* Debug */,
				4EF3064A1EE7B188004DE9F3 /* Release */,
			);
			defaultConfigurationIsVisible = 0;
			defaultConfigurationName = Release;
		};
		4EF3064B1EE7B188004DE9F3 /* Build configuration list for PBXNativeTarget "testeCoreData" */ = {
			isa = XCConfigurationList;
			buildConfigurations = (
				4EF3064C1EE7B188004DE9F3 /* Debug */,
				4EF3064D1EE7B188004DE9F3 /* Release */,
			);
			defaultConfigurationIsVisible = 0;
		};
/* End XCConfigurationList section */

/* Begin XCVersionGroup section */
		4EF306401EE7B188004DE9F3 /* testeCoreData.xcdatamodeld */ = {
			isa = XCVersionGroup;
			children = (
				4EF306411EE7B188004DE9F3 /* testeCoreData.xcdatamodel */,
			);
			currentVersion = 4EF306411EE7B188004DE9F3 /* testeCoreData.xcdatamodel */;
			path = testeCoreData.xcdatamodeld;
			sourceTree = "<group>";
			versionGroupType = wrapper.xcdatamodel;
		};
/* End XCVersionGroup section */
	};
	rootObject = 4EF3062E1EE7B188004DE9F3 /* Project object */;
}
